{
  "name": "@definelib/table-resizer",
  "version": "1.0.0",
  "lockfileVersion": 2,
  "requires": true,
  "packages": {
    "": {
      "name": "@definelib/table-resizer",
      "version": "1.0.0",
      "license": "MIT",
      "dependencies": {
        "@definejs/emitter": "^1.1.0",
        "@definejs/string": "^1.0.0",
        "@definejs/template": "^1.0.0",
        "@definelib/jquery": "^1.0.0"
      }
    },
    "node_modules/@definejs/emitter": {
      "version": "1.1.0",
      "resolved": "https://registry.npmjs.org/@definejs/emitter/-/emitter-1.1.0.tgz",
      "integrity": "sha512-7AKesFRz+6K5UDl/RFLfRszdNsDdtmeipj/8dqARhPV/BemDSLP/UqXUJYr5ALSpv/Lzc+PnDBGASJEfNuYVwQ==",
      "dependencies": {
        "@definejs/object": "^1.1.0",
        "@definejs/tree": "^1.0.0"
      }
    },
    "node_modules/@definejs/html-parser": {
      "version": "1.0.0",
      "resolved": "https://registry.npmjs.org/@definejs/html-parser/-/html-parser-1.0.0.tgz",
      "integrity": "sha512-+y4nhnFp6oMsW2p4ldRavXJduvq3E0zpH05l3DsiH+AMAWfvW1ZZ/zn84ccz5sszd3B3QJWsqPq5rE4gvYrNkQ=="
    },
    "node_modules/@definejs/object": {
      "version": "1.1.0",
      "resolved": "https://registry.npmjs.org/@definejs/object/-/object-1.1.0.tgz",
      "integrity": "sha512-3U9yjE0a4oFXR6n19VXZB0W5lpHZRox39vjV2sE288OCMv1L6KLreEdGi0Hmo5w490KHpT9Gtvtkz4Xih7D6ug=="
    },
    "node_modules/@definejs/string": {
      "version": "1.0.0",
      "resolved": "https://registry.npmjs.org/@definejs/string/-/string-1.0.0.tgz",
      "integrity": "sha512-w07CpqHYu6th6y+n5jic6ZUdiB19GPzuq8LGHqpSky8R28ugA1uIDkFodd5tt9dokD00pLd4nFY6bO8JuLYxxQ=="
    },
    "node_modules/@definejs/template": {
      "version": "1.0.0",
      "resolved": "https://registry.npmjs.org/@definejs/template/-/template-1.0.0.tgz",
      "integrity": "sha512-MQghVomFTmFKS9HK/ChYXjMdlGWI88N6qLDAocRwkM9zwaOQWEkWHRRVDBB8HlzVzp86I73teDuJxD8sZodi0A==",
      "dependencies": {
        "@definejs/emitter": "^1.0.0",
        "@definejs/html-parser": "^1.0.0",
        "@definejs/object": "^1.1.0",
        "@definejs/string": "^1.0.0",
        "jquery": "^3.5.1"
      }
    },
    "node_modules/@definejs/tree": {
      "version": "1.0.5",
      "resolved": "https://registry.npmjs.org/@definejs/tree/-/tree-1.0.5.tgz",
      "integrity": "sha512-PlR/ya/XgoIWasFvuLns32zhMHDaOJNwQjf5EKA6DKKJfe1ZuF4UdxUiXB7hEoQf7Ffd6ZT2aR+VoTrGyi+N6w=="
    },
    "node_modules/@definelib/jquery": {
      "version": "1.0.0",
      "resolved": "https://registry.npmjs.org/@definelib/jquery/-/jquery-1.0.0.tgz",
      "integrity": "sha512-ViAS/rWPRjuKn1UzHcwnOOk3uacCvr11WHNGYQRtaMzzwb0Rp+ntVWZtB2YdNQvHjmBGAxcZ56MNLa0YIt8P0w=="
    },
    "node_modules/jquery": {
      "version": "3.6.0",
      "resolved": "https://registry.npmjs.org/jquery/-/jquery-3.6.0.tgz",
      "integrity": "sha512-JVzAR/AjBvVt2BmYhxRCSYysDsPcssdmTFnzyLEts9qNwmjmu4JTAMYubEfwVOSwpQ1I1sKKFcxhZCI2buerfw=="
    }
  },
  "dependencies": {
    "@definejs/emitter": {
      "version": "1.1.0",
      "resolved": "https://registry.npmjs.org/@definejs/emitter/-/emitter-1.1.0.tgz",
      "integrity": "sha512-7AKesFRz+6K5UDl/RFLfRszdNsDdtmeipj/8dqARhPV/BemDSLP/UqXUJYr5ALSpv/Lzc+PnDBGASJEfNuYVwQ==",
      "requires": {
        "@definejs/object": "^1.1.0",
        "@definejs/tree": "^1.0.0"
      }
    },
    "@definejs/html-parser": {
      "version": "1.0.0",
      "resolved": "https://registry.npmjs.org/@definejs/html-parser/-/html-parser-1.0.0.tgz",
      "integrity": "sha512-+y4nhnFp6oMsW2p4ldRavXJduvq3E0zpH05l3DsiH+AMAWfvW1ZZ/zn84ccz5sszd3B3QJWsqPq5rE4gvYrNkQ=="
    },
    "@definejs/object": {
      "version": "1.1.0",
      "resolved": "https://registry.npmjs.org/@definejs/object/-/object-1.1.0.tgz",
      "integrity": "sha512-3U9yjE0a4oFXR6n19VXZB0W5lpHZRox39vjV2sE288OCMv1L6KLreEdGi0Hmo5w490KHpT9Gtvtkz4Xih7D6ug=="
    },
    "@definejs/string": {
      "version": "1.0.0",
      "resolved": "https://registry.npmjs.org/@definejs/string/-/string-1.0.0.tgz",
      "integrity": "sha512-w07CpqHYu6th6y+n5jic6ZUdiB19GPzuq8LGHqpSky8R28ugA1uIDkFodd5tt9dokD00pLd4nFY6bO8JuLYxxQ=="
    },
    "@definejs/template": {
      "version": "1.0.0",
      "resolved": "https://registry.npmjs.org/@definejs/template/-/template-1.0.0.tgz",
      "integrity": "sha512-MQghVomFTmFKS9HK/ChYXjMdlGWI88N6qLDAocRwkM9zwaOQWEkWHRRVDBB8HlzVzp86I73teDuJxD8sZodi0A==",
      "requires": {
        "@definejs/emitter": "^1.0.0",
        "@definejs/html-parser": "^1.0.0",
        "@definejs/object": "^1.1.0",
        "@definejs/string": "^1.0.0",
        "jquery": "^3.5.1"
      }
    },
    "@definejs/tree": {
      "version": "1.0.5",
      "resolved": "https://registry.npmjs.org/@definejs/tree/-/tree-1.0.5.tgz",
      "integrity": "sha512-PlR/ya/XgoIWasFvuLns32zhMHDaOJNwQjf5EKA6DKKJfe1ZuF4UdxUiXB7hEoQf7Ffd6ZT2aR+VoTrGyi+N6w=="
    },
    "@definelib/jquery": {
      "version": "1.0.0",
      "resolved": "https://registry.npmjs.org/@definelib/jquery/-/jquery-1.0.0.tgz",
      "integrity": "sha512-ViAS/rWPRjuKn1UzHcwnOOk3uacCvr11WHNGYQRtaMzzwb0Rp+ntVWZtB2YdNQvHjmBGAxcZ56MNLa0YIt8P0w=="
    },
    "jquery": {
      "version": "3.6.0",
      "resolved": "https://registry.npmjs.org/jquery/-/jquery-3.6.0.tgz",
      "integrity": "sha512-JVzAR/AjBvVt2BmYhxRCSYysDsPcssdmTFnzyLEts9qNwmjmu4JTAMYubEfwVOSwpQ1I1sKKFcxhZCI2buerfw=="
    }
  }
}
